
Microsoft Visual Studio Solution File, Format Version 12.00
# Visual Studio Version 16
VisualStudioVersion = 16.0.28701.123
MinimumVisualStudioVersion = 10.0.40219.1
Project("{FAE04EC0-301F-11D3-BF4B-00C04F79EFBC}") = "LMDotNet.CSharpTest", "LMDotNet.CSharpTest\LMDotNet.CSharpTest.csproj", "{20F7603D-0CDF-4FA5-98E8-BBFCB6F5524E}"
	ProjectSection(ProjectDependencies) = postProject
		{7B929D7C-7245-45DB-99D4-58A8853607D0} = {7B929D7C-7245-45DB-99D4-58A8853607D0}
		{0248C6E5-6BAF-494A-BD1A-6BC63C37B73B} = {0248C6E5-6BAF-494A-BD1A-6BC63C37B73B}
	EndProjectSection
EndProject
Project("{8BC9CEB8-8B4A-11D0-8D11-00A0C91BC942}") = "lmfit32", "lmfit32\lmfit32.vcxproj", "{7B929D7C-7245-45DB-99D4-58A8853607D0}"
EndProject
Project("{8BC9CEB8-8B4A-11D0-8D11-00A0C91BC942}") = "lmfit64", "lmfit64\lmfit64.vcxproj", "{0248C6E5-6BAF-494A-BD1A-6BC63C37B73B}"
EndProject
Project("{9A19103F-16F7-4668-BE54-9A1E7A4F7556}") = "LMDotNet", "LMDotNet\LMDotNet.csproj", "{37449661-C167-4AA9-B3DB-3C4A9B1372E3}"
	ProjectSection(ProjectDependencies) = postProject
		{7B929D7C-7245-45DB-99D4-58A8853607D0} = {7B929D7C-7245-45DB-99D4-58A8853607D0}
		{0248C6E5-6BAF-494A-BD1A-6BC63C37B73B} = {0248C6E5-6BAF-494A-BD1A-6BC63C37B73B}
	EndProjectSection
EndProject
Project("{6EC3EE1D-3C4E-46DD-8F32-0CC8E7565705}") = "LMDotNet.FSharp", "LMDotNet.FSharp\LMDotNet.FSharp.fsproj", "{F84D5F2B-AC8E-41D1-ACB4-F08E0E4826BD}"
EndProject
Project("{F2A71F9B-5D33-465A-A702-920D77279786}") = "LMDotNet.FSharpTests", "LMDotNet.FSharpTests\LMDotNet.FSharpTests.fsproj", "{92410D22-2238-4CA9-9588-5AA06736498D}"
EndProject
Global
	GlobalSection(SolutionConfigurationPlatforms) = preSolution
		Debug|Any CPU = Debug|Any CPU
		Debug|Mixed Platforms = Debug|Mixed Platforms
		Debug|Win32 = Debug|Win32
		Debug|x64 = Debug|x64
		Debug|x86 = Debug|x86
		Release|Any CPU = Release|Any CPU
		Release|Mixed Platforms = Release|Mixed Platforms
		Release|Win32 = Release|Win32
		Release|x64 = Release|x64
		Release|x86 = Release|x86
	EndGlobalSection
	GlobalSection(ProjectConfigurationPlatforms) = postSolution
		{20F7603D-0CDF-4FA5-98E8-BBFCB6F5524E}.Debug|Any CPU.ActiveCfg = Debug|Any CPU
		{20F7603D-0CDF-4FA5-98E8-BBFCB6F5524E}.Debug|Any CPU.Build.0 = Debug|Any CPU
		{20F7603D-0CDF-4FA5-98E8-BBFCB6F5524E}.Debug|Mixed Platforms.ActiveCfg = Debug|Any CPU
		{20F7603D-0CDF-4FA5-98E8-BBFCB6F5524E}.Debug|Mixed Platforms.Build.0 = Debug|Any CPU
		{20F7603D-0CDF-4FA5-98E8-BBFCB6F5524E}.Debug|Win32.ActiveCfg = Debug|Any CPU
		{20F7603D-0CDF-4FA5-98E8-BBFCB6F5524E}.Debug|Win32.Build.0 = Debug|Any CPU
		{20F7603D-0CDF-4FA5-98E8-BBFCB6F5524E}.Debug|x64.ActiveCfg = Debug|Any CPU
		{20F7603D-0CDF-4FA5-98E8-BBFCB6F5524E}.Debug|x64.Build.0 = Debug|Any CPU
		{20F7603D-0CDF-4FA5-98E8-BBFCB6F5524E}.Debug|x86.ActiveCfg = Debug|Any CPU
		{20F7603D-0CDF-4FA5-98E8-BBFCB6F5524E}.Debug|x86.Build.0 = Debug|Any CPU
		{20F7603D-0CDF-4FA5-98E8-BBFCB6F5524E}.Release|Any CPU.ActiveCfg = Release|Any CPU
		{20F7603D-0CDF-4FA5-98E8-BBFCB6F5524E}.Release|Any CPU.Build.0 = Release|Any CPU
		{20F7603D-0CDF-4FA5-98E8-BBFCB6F5524E}.Release|Mixed Platforms.ActiveCfg = Release|Any CPU
		{20F7603D-0CDF-4FA5-98E8-BBFCB6F5524E}.Release|Mixed Platforms.Build.0 = Release|Any CPU
		{20F7603D-0CDF-4FA5-98E8-BBFCB6F5524E}.Release|Win32.ActiveCfg = Release|Any CPU
		{20F7603D-0CDF-4FA5-98E8-BBFCB6F5524E}.Release|Win32.Build.0 = Release|Any CPU
		{20F7603D-0CDF-4FA5-98E8-BBFCB6F5524E}.Release|x64.ActiveCfg = Release|Any CPU
		{20F7603D-0CDF-4FA5-98E8-BBFCB6F5524E}.Release|x64.Build.0 = Release|Any CPU
		{20F7603D-0CDF-4FA5-98E8-BBFCB6F5524E}.Release|x86.ActiveCfg = Release|Any CPU
		{20F7603D-0CDF-4FA5-98E8-BBFCB6F5524E}.Release|x86.Build.0 = Release|Any CPU
		{7B929D7C-7245-45DB-99D4-58A8853607D0}.Debug|Any CPU.ActiveCfg = Debug|Win32
		{7B929D7C-7245-45DB-99D4-58A8853607D0}.Debug|Mixed Platforms.ActiveCfg = Debug|Win32
		{7B929D7C-7245-45DB-99D4-58A8853607D0}.Debug|Mixed Platforms.Build.0 = Debug|Win32
		{7B929D7C-7245-45DB-99D4-58A8853607D0}.Debug|Win32.ActiveCfg = Debug|Win32
		{7B929D7C-7245-45DB-99D4-58A8853607D0}.Debug|Win32.Build.0 = Debug|Win32
		{7B929D7C-7245-45DB-99D4-58A8853607D0}.Debug|x64.ActiveCfg = Debug|Win32
		{7B929D7C-7245-45DB-99D4-58A8853607D0}.Debug|x86.ActiveCfg = Debug|Win32
		{7B929D7C-7245-45DB-99D4-58A8853607D0}.Debug|x86.Build.0 = Debug|Win32
		{7B929D7C-7245-45DB-99D4-58A8853607D0}.Release|Any CPU.ActiveCfg = Release|Win32
		{7B929D7C-7245-45DB-99D4-58A8853607D0}.Release|Mixed Platforms.ActiveCfg = Release|Win32
		{7B929D7C-7245-45DB-99D4-58A8853607D0}.Release|Mixed Platforms.Build.0 = Release|Win32
		{7B929D7C-7245-45DB-99D4-58A8853607D0}.Release|Win32.ActiveCfg = Release|Win32
		{7B929D7C-7245-45DB-99D4-58A8853607D0}.Release|Win32.Build.0 = Release|Win32
		{7B929D7C-7245-45DB-99D4-58A8853607D0}.Release|x64.ActiveCfg = Release|Win32
		{7B929D7C-7245-45DB-99D4-58A8853607D0}.Release|x86.ActiveCfg = Release|Win32
		{7B929D7C-7245-45DB-99D4-58A8853607D0}.Release|x86.Build.0 = Release|Win32
		{0248C6E5-6BAF-494A-BD1A-6BC63C37B73B}.Debug|Any CPU.ActiveCfg = Debug|x64
		{0248C6E5-6BAF-494A-BD1A-6BC63C37B73B}.Debug|Mixed Platforms.ActiveCfg = Debug|x64
		{0248C6E5-6BAF-494A-BD1A-6BC63C37B73B}.Debug|Mixed Platforms.Build.0 = Debug|x64
		{0248C6E5-6BAF-494A-BD1A-6BC63C37B73B}.Debug|Win32.ActiveCfg = Debug|x64
		{0248C6E5-6BAF-494A-BD1A-6BC63C37B73B}.Debug|x64.ActiveCfg = Debug|x64
		{0248C6E5-6BAF-494A-BD1A-6BC63C37B73B}.Debug|x64.Build.0 = Debug|x64
		{0248C6E5-6BAF-494A-BD1A-6BC63C37B73B}.Debug|x86.ActiveCfg = Debug|x64
		{0248C6E5-6BAF-494A-BD1A-6BC63C37B73B}.Release|Any CPU.ActiveCfg = Release|x64
		{0248C6E5-6BAF-494A-BD1A-6BC63C37B73B}.Release|Mixed Platforms.ActiveCfg = Release|x64
		{0248C6E5-6BAF-494A-BD1A-6BC63C37B73B}.Release|Mixed Platforms.Build.0 = Release|x64
		{0248C6E5-6BAF-494A-BD1A-6BC63C37B73B}.Release|Win32.ActiveCfg = Release|x64
		{0248C6E5-6BAF-494A-BD1A-6BC63C37B73B}.Release|x64.ActiveCfg = Release|x64
		{0248C6E5-6BAF-494A-BD1A-6BC63C37B73B}.Release|x64.Build.0 = Release|x64
		{0248C6E5-6BAF-494A-BD1A-6BC63C37B73B}.Release|x86.ActiveCfg = Release|x64
		{37449661-C167-4AA9-B3DB-3C4A9B1372E3}.Debug|Any CPU.ActiveCfg = Debug|Any CPU
		{37449661-C167-4AA9-B3DB-3C4A9B1372E3}.Debug|Any CPU.Build.0 = Debug|Any CPU
		{37449661-C167-4AA9-B3DB-3C4A9B1372E3}.Debug|Mixed Platforms.ActiveCfg = Debug|Any CPU
		{37449661-C167-4AA9-B3DB-3C4A9B1372E3}.Debug|Mixed Platforms.Build.0 = Debug|Any CPU
		{37449661-C167-4AA9-B3DB-3C4A9B1372E3}.Debug|Win32.ActiveCfg = Debug|Any CPU
		{37449661-C167-4AA9-B3DB-3C4A9B1372E3}.Debug|Win32.Build.0 = Debug|Any CPU
		{37449661-C167-4AA9-B3DB-3C4A9B1372E3}.Debug|x64.ActiveCfg = Debug|Any CPU
		{37449661-C167-4AA9-B3DB-3C4A9B1372E3}.Debug|x64.Build.0 = Debug|Any CPU
		{37449661-C167-4AA9-B3DB-3C4A9B1372E3}.Debug|x86.ActiveCfg = Debug|Any CPU
		{37449661-C167-4AA9-B3DB-3C4A9B1372E3}.Debug|x86.Build.0 = Debug|Any CPU
		{37449661-C167-4AA9-B3DB-3C4A9B1372E3}.Release|Any CPU.ActiveCfg = Release|Any CPU
		{37449661-C167-4AA9-B3DB-3C4A9B1372E3}.Release|Any CPU.Build.0 = Release|Any CPU
		{37449661-C167-4AA9-B3DB-3C4A9B1372E3}.Release|Mixed Platforms.ActiveCfg = Release|Any CPU
		{37449661-C167-4AA9-B3DB-3C4A9B1372E3}.Release|Mixed Platforms.Build.0 = Release|Any CPU
		{37449661-C167-4AA9-B3DB-3C4A9B1372E3}.Release|Win32.ActiveCfg = Release|Any CPU
		{37449661-C167-4AA9-B3DB-3C4A9B1372E3}.Release|Win32.Build.0 = Release|Any CPU
		{37449661-C167-4AA9-B3DB-3C4A9B1372E3}.Release|x64.ActiveCfg = Release|Any CPU
		{37449661-C167-4AA9-B3DB-3C4A9B1372E3}.Release|x64.Build.0 = Release|Any CPU
		{37449661-C167-4AA9-B3DB-3C4A9B1372E3}.Release|x86.ActiveCfg = Release|Any CPU
		{37449661-C167-4AA9-B3DB-3C4A9B1372E3}.Release|x86.Build.0 = Release|Any CPU
		{F84D5F2B-AC8E-41D1-ACB4-F08E0E4826BD}.Debug|Any CPU.ActiveCfg = Debug|Any CPU
		{F84D5F2B-AC8E-41D1-ACB4-F08E0E4826BD}.Debug|Any CPU.Build.0 = Debug|Any CPU
		{F84D5F2B-AC8E-41D1-ACB4-F08E0E4826BD}.Debug|Mixed Platforms.ActiveCfg = Debug|Any CPU
		{F84D5F2B-AC8E-41D1-ACB4-F08E0E4826BD}.Debug|Mixed Platforms.Build.0 = Debug|Any CPU
		{F84D5F2B-AC8E-41D1-ACB4-F08E0E4826BD}.Debug|Win32.ActiveCfg = Debug|Any CPU
		{F84D5F2B-AC8E-41D1-ACB4-F08E0E4826BD}.Debug|Win32.Build.0 = Debug|Any CPU
		{F84D5F2B-AC8E-41D1-ACB4-F08E0E4826BD}.Debug|x64.ActiveCfg = Debug|Any CPU
		{F84D5F2B-AC8E-41D1-ACB4-F08E0E4826BD}.Debug|x64.Build.0 = Debug|Any CPU
		{F84D5F2B-AC8E-41D1-ACB4-F08E0E4826BD}.Debug|x86.ActiveCfg = Debug|Any CPU
		{F84D5F2B-AC8E-41D1-ACB4-F08E0E4826BD}.Debug|x86.Build.0 = Debug|Any CPU
		{F84D5F2B-AC8E-41D1-ACB4-F08E0E4826BD}.Release|Any CPU.ActiveCfg = Release|Any CPU
		{F84D5F2B-AC8E-41D1-ACB4-F08E0E4826BD}.Release|Any CPU.Build.0 = Release|Any CPU
		{F84D5F2B-AC8E-41D1-ACB4-F08E0E4826BD}.Release|Mixed Platforms.ActiveCfg = Release|Any CPU
		{F84D5F2B-AC8E-41D1-ACB4-F08E0E4826BD}.Release|Mixed Platforms.Build.0 = Release|Any CPU
		{F84D5F2B-AC8E-41D1-ACB4-F08E0E4826BD}.Release|Win32.ActiveCfg = Release|Any CPU
		{F84D5F2B-AC8E-41D1-ACB4-F08E0E4826BD}.Release|Win32.Build.0 = Release|Any CPU
		{F84D5F2B-AC8E-41D1-ACB4-F08E0E4826BD}.Release|x64.ActiveCfg = Release|Any CPU
		{F84D5F2B-AC8E-41D1-ACB4-F08E0E4826BD}.Release|x64.Build.0 = Release|Any CPU
		{F84D5F2B-AC8E-41D1-ACB4-F08E0E4826BD}.Release|x86.ActiveCfg = Release|Any CPU
		{F84D5F2B-AC8E-41D1-ACB4-F08E0E4826BD}.Release|x86.Build.0 = Release|Any CPU
		{92410D22-2238-4CA9-9588-5AA06736498D}.Debug|Any CPU.ActiveCfg = Debug|Any CPU
		{92410D22-2238-4CA9-9588-5AA06736498D}.Debug|Any CPU.Build.0 = Debug|Any CPU
		{92410D22-2238-4CA9-9588-5AA06736498D}.Debug|Mixed Platforms.ActiveCfg = Debug|Any CPU
		{92410D22-2238-4CA9-9588-5AA06736498D}.Debug|Mixed Platforms.Build.0 = Debug|Any CPU
		{92410D22-2238-4CA9-9588-5AA06736498D}.Debug|Win32.ActiveCfg = Debug|Any CPU
		{92410D22-2238-4CA9-9588-5AA06736498D}.Debug|Win32.Build.0 = Debug|Any CPU
		{92410D22-2238-4CA9-9588-5AA06736498D}.Debug|x64.ActiveCfg = Debug|Any CPU
		{92410D22-2238-4CA9-9588-5AA06736498D}.Debug|x64.Build.0 = Debug|Any CPU
		{92410D22-2238-4CA9-9588-5AA06736498D}.Debug|x86.ActiveCfg = Debug|Any CPU
		{92410D22-2238-4CA9-9588-5AA06736498D}.Debug|x86.Build.0 = Debug|Any CPU
		{92410D22-2238-4CA9-9588-5AA06736498D}.Release|Any CPU.ActiveCfg = Release|Any CPU
		{92410D22-2238-4CA9-9588-5AA06736498D}.Release|Any CPU.Build.0 = Release|Any CPU
		{92410D22-2238-4CA9-9588-5AA06736498D}.Release|Mixed Platforms.ActiveCfg = Release|Any CPU
		{92410D22-2238-4CA9-9588-5AA06736498D}.Release|Mixed Platforms.Build.0 = Release|Any CPU
		{92410D22-2238-4CA9-9588-5AA06736498D}.Release|Win32.ActiveCfg = Release|Any CPU
		{92410D22-2238-4CA9-9588-5AA06736498D}.Release|Win32.Build.0 = Release|Any CPU
		{92410D22-2238-4CA9-9588-5AA06736498D}.Release|x64.ActiveCfg = Release|Any CPU
		{92410D22-2238-4CA9-9588-5AA06736498D}.Release|x64.Build.0 = Release|Any CPU
		{92410D22-2238-4CA9-9588-5AA06736498D}.Release|x86.ActiveCfg = Release|Any CPU
		{92410D22-2238-4CA9-9588-5AA06736498D}.Release|x86.Build.0 = Release|Any CPU
	EndGlobalSection
	GlobalSection(SolutionProperties) = preSolution
		HideSolutionNode = FALSE
	EndGlobalSection
	GlobalSection(ExtensibilityGlobals) = postSolution
		SolutionGuid = {D9C600FD-1DAE-4BA2-9269-4875B5BA3CE4}
	EndGlobalSection
EndGlobal
