
Microsoft Visual Studio Solution File, Format Version 12.00
# Visual Studio 14
VisualStudioVersion = 14.0.23107.0
MinimumVisualStudioVersion = 10.0.40219.1
Project("{FAE04EC0-301F-11D3-BF4B-00C04F79EFBC}") = "LMDotNet.CSharpTest", "LMDotNet.CSharpTest\LMDotNet.CSharpTest.csproj", "{20F7603D-0CDF-4FA5-98E8-BBFCB6F5524E}"
	ProjectSection(ProjectDependencies) = postProject
		{F1CD7533-53D6-4251-9077-4955DC1ABBE0} = {F1CD7533-53D6-4251-9077-4955DC1ABBE0}
		{F9297E75-A0EB-41A9-B0F1-9F5954FDF2C5} = {F9297E75-A0EB-41A9-B0F1-9F5954FDF2C5}
		{7B929D7C-7245-45DB-99D4-58A8853607D0} = {7B929D7C-7245-45DB-99D4-58A8853607D0}
		{D4A228A4-2C3B-4E8C-B7C5-CB3C6C0AF53B} = {D4A228A4-2C3B-4E8C-B7C5-CB3C6C0AF53B}
		{8FC563D9-0901-4AEF-A881-2D30DF3A2FE1} = {8FC563D9-0901-4AEF-A881-2D30DF3A2FE1}
		{0248C6E5-6BAF-494A-BD1A-6BC63C37B73B} = {0248C6E5-6BAF-494A-BD1A-6BC63C37B73B}
	EndProjectSection
EndProject
Project("{FAE04EC0-301F-11D3-BF4B-00C04F79EFBC}") = "LMDotNet-452", "LMDotNet-452\LMDotNet-452.csproj", "{D4A228A4-2C3B-4E8C-B7C5-CB3C6C0AF53B}"
EndProject
Project("{8BC9CEB8-8B4A-11D0-8D11-00A0C91BC942}") = "lmfit32", "lmfit32\lmfit32.vcxproj", "{7B929D7C-7245-45DB-99D4-58A8853607D0}"
EndProject
Project("{2150E333-8FDC-42A3-9474-1A3956D46DE8}") = ".nuget", ".nuget", "{D79A35E0-C4E2-44BA-B56F-0DC438765363}"
	ProjectSection(SolutionItems) = preProject
		.nuget\NuGet.Config = .nuget\NuGet.Config
		.nuget\NuGet.exe = .nuget\NuGet.exe
		.nuget\NuGet.targets = .nuget\NuGet.targets
	EndProjectSection
EndProject
Project("{FAE04EC0-301F-11D3-BF4B-00C04F79EFBC}") = "LMDotNet-40", "LMDotNet-40\LMDotNet-40.csproj", "{8FC563D9-0901-4AEF-A881-2D30DF3A2FE1}"
	ProjectSection(ProjectDependencies) = postProject
		{D4A228A4-2C3B-4E8C-B7C5-CB3C6C0AF53B} = {D4A228A4-2C3B-4E8C-B7C5-CB3C6C0AF53B}
	EndProjectSection
EndProject
Project("{FAE04EC0-301F-11D3-BF4B-00C04F79EFBC}") = "LMDotNet-35", "LMDotNet-35\LMDotNet-35.csproj", "{F1CD7533-53D6-4251-9077-4955DC1ABBE0}"
	ProjectSection(ProjectDependencies) = postProject
		{D4A228A4-2C3B-4E8C-B7C5-CB3C6C0AF53B} = {D4A228A4-2C3B-4E8C-B7C5-CB3C6C0AF53B}
	EndProjectSection
EndProject
Project("{FAE04EC0-301F-11D3-BF4B-00C04F79EFBC}") = "LMDotNet-45", "LMDotNet-45\LMDotNet-45.csproj", "{F9297E75-A0EB-41A9-B0F1-9F5954FDF2C5}"
	ProjectSection(ProjectDependencies) = postProject
		{D4A228A4-2C3B-4E8C-B7C5-CB3C6C0AF53B} = {D4A228A4-2C3B-4E8C-B7C5-CB3C6C0AF53B}
	EndProjectSection
EndProject
Project("{2150E333-8FDC-42A3-9474-1A3956D46DE8}") = "Solution Items", "Solution Items", "{9DAABA48-F4D2-480F-B429-9E3C8AE714BB}"
EndProject
Project("{8BC9CEB8-8B4A-11D0-8D11-00A0C91BC942}") = "lmfit64", "lmfit64\lmfit64.vcxproj", "{0248C6E5-6BAF-494A-BD1A-6BC63C37B73B}"
EndProject
Project("{F2A71F9B-5D33-465A-A702-920D77279786}") = "LMDotNet.FSharp-451", "LMDotNet.FSharp-451\LMDotNet.FSharp-451.fsproj", "{43854612-B849-492C-96E3-4051F810852A}"
EndProject
Project("{F2A71F9B-5D33-465A-A702-920D77279786}") = "LMDotNet.FSharpTest", "LMDotNet.FSharpTest\LMDotNet.FSharpTest.fsproj", "{E0BBE455-6C06-48AC-8475-214D00D4DF72}"
	ProjectSection(ProjectDependencies) = postProject
		{7B929D7C-7245-45DB-99D4-58A8853607D0} = {7B929D7C-7245-45DB-99D4-58A8853607D0}
		{0248C6E5-6BAF-494A-BD1A-6BC63C37B73B} = {0248C6E5-6BAF-494A-BD1A-6BC63C37B73B}
	EndProjectSection
EndProject
Project("{F2A71F9B-5D33-465A-A702-920D77279786}") = "LMDotNet.FSharp-45", "LMDotNet.FSharp-45\LMDotNet.FSharp-45.fsproj", "{053169A4-5088-4DCD-AE45-A482E56D345A}"
	ProjectSection(ProjectDependencies) = postProject
		{F9297E75-A0EB-41A9-B0F1-9F5954FDF2C5} = {F9297E75-A0EB-41A9-B0F1-9F5954FDF2C5}
	EndProjectSection
EndProject
Project("{FAE04EC0-301F-11D3-BF4B-00C04F79EFBC}") = "LMDotNet-451", "LMDotNet-451\LMDotNet-451.csproj", "{EFD51FB6-5211-4334-83C6-5AA51F00DA26}"
EndProject
Project("{F2A71F9B-5D33-465A-A702-920D77279786}") = "LMDotNet.FSharp-452", "LMDotNet.FSharp-452\LMDotNet.FSharp-452.fsproj", "{53D86CA3-E2B8-4B6A-8115-34BF8AB93888}"
EndProject
Project("{FAE04EC0-301F-11D3-BF4B-00C04F79EFBC}") = "LMDotNet-46", "LMDotNet-46\LMDotNet-46.csproj", "{CDD86083-1E23-41BD-864B-AAD25031F532}"
EndProject
Project("{F2A71F9B-5D33-465A-A702-920D77279786}") = "LMDotNet.FSharp-46", "LMDotNet.FSharp-46\LMDotNet.FSharp-46.fsproj", "{AE26D6AD-E912-44A5-AC92-BC5500B8A64B}"
EndProject
Global
	GlobalSection(SolutionConfigurationPlatforms) = preSolution
		Debug|Any CPU = Debug|Any CPU
		Debug|Mixed Platforms = Debug|Mixed Platforms
		Debug|Win32 = Debug|Win32
		Debug|x64 = Debug|x64
		Debug|x86 = Debug|x86
		Release|Any CPU = Release|Any CPU
		Release|Mixed Platforms = Release|Mixed Platforms
		Release|Win32 = Release|Win32
		Release|x64 = Release|x64
		Release|x86 = Release|x86
	EndGlobalSection
	GlobalSection(ProjectConfigurationPlatforms) = postSolution
		{20F7603D-0CDF-4FA5-98E8-BBFCB6F5524E}.Debug|Any CPU.ActiveCfg = Debug|Any CPU
		{20F7603D-0CDF-4FA5-98E8-BBFCB6F5524E}.Debug|Any CPU.Build.0 = Debug|Any CPU
		{20F7603D-0CDF-4FA5-98E8-BBFCB6F5524E}.Debug|Mixed Platforms.ActiveCfg = Debug|Any CPU
		{20F7603D-0CDF-4FA5-98E8-BBFCB6F5524E}.Debug|Mixed Platforms.Build.0 = Debug|Any CPU
		{20F7603D-0CDF-4FA5-98E8-BBFCB6F5524E}.Debug|Win32.ActiveCfg = Debug|Any CPU
		{20F7603D-0CDF-4FA5-98E8-BBFCB6F5524E}.Debug|Win32.Build.0 = Debug|Any CPU
		{20F7603D-0CDF-4FA5-98E8-BBFCB6F5524E}.Debug|x64.ActiveCfg = Debug|Any CPU
		{20F7603D-0CDF-4FA5-98E8-BBFCB6F5524E}.Debug|x64.Build.0 = Debug|Any CPU
		{20F7603D-0CDF-4FA5-98E8-BBFCB6F5524E}.Debug|x86.ActiveCfg = Debug|Any CPU
		{20F7603D-0CDF-4FA5-98E8-BBFCB6F5524E}.Debug|x86.Build.0 = Debug|Any CPU
		{20F7603D-0CDF-4FA5-98E8-BBFCB6F5524E}.Release|Any CPU.ActiveCfg = Release|Any CPU
		{20F7603D-0CDF-4FA5-98E8-BBFCB6F5524E}.Release|Any CPU.Build.0 = Release|Any CPU
		{20F7603D-0CDF-4FA5-98E8-BBFCB6F5524E}.Release|Mixed Platforms.ActiveCfg = Release|Any CPU
		{20F7603D-0CDF-4FA5-98E8-BBFCB6F5524E}.Release|Mixed Platforms.Build.0 = Release|Any CPU
		{20F7603D-0CDF-4FA5-98E8-BBFCB6F5524E}.Release|Win32.ActiveCfg = Release|Any CPU
		{20F7603D-0CDF-4FA5-98E8-BBFCB6F5524E}.Release|Win32.Build.0 = Release|Any CPU
		{20F7603D-0CDF-4FA5-98E8-BBFCB6F5524E}.Release|x64.ActiveCfg = Release|Any CPU
		{20F7603D-0CDF-4FA5-98E8-BBFCB6F5524E}.Release|x64.Build.0 = Release|Any CPU
		{20F7603D-0CDF-4FA5-98E8-BBFCB6F5524E}.Release|x86.ActiveCfg = Release|Any CPU
		{20F7603D-0CDF-4FA5-98E8-BBFCB6F5524E}.Release|x86.Build.0 = Release|Any CPU
		{D4A228A4-2C3B-4E8C-B7C5-CB3C6C0AF53B}.Debug|Any CPU.ActiveCfg = Debug|Any CPU
		{D4A228A4-2C3B-4E8C-B7C5-CB3C6C0AF53B}.Debug|Any CPU.Build.0 = Debug|Any CPU
		{D4A228A4-2C3B-4E8C-B7C5-CB3C6C0AF53B}.Debug|Mixed Platforms.ActiveCfg = Debug|Any CPU
		{D4A228A4-2C3B-4E8C-B7C5-CB3C6C0AF53B}.Debug|Mixed Platforms.Build.0 = Debug|Any CPU
		{D4A228A4-2C3B-4E8C-B7C5-CB3C6C0AF53B}.Debug|Win32.ActiveCfg = Debug|Any CPU
		{D4A228A4-2C3B-4E8C-B7C5-CB3C6C0AF53B}.Debug|Win32.Build.0 = Debug|Any CPU
		{D4A228A4-2C3B-4E8C-B7C5-CB3C6C0AF53B}.Debug|x64.ActiveCfg = Debug|Any CPU
		{D4A228A4-2C3B-4E8C-B7C5-CB3C6C0AF53B}.Debug|x64.Build.0 = Debug|Any CPU
		{D4A228A4-2C3B-4E8C-B7C5-CB3C6C0AF53B}.Debug|x86.ActiveCfg = Debug|Any CPU
		{D4A228A4-2C3B-4E8C-B7C5-CB3C6C0AF53B}.Debug|x86.Build.0 = Debug|Any CPU
		{D4A228A4-2C3B-4E8C-B7C5-CB3C6C0AF53B}.Release|Any CPU.ActiveCfg = Release|Any CPU
		{D4A228A4-2C3B-4E8C-B7C5-CB3C6C0AF53B}.Release|Any CPU.Build.0 = Release|Any CPU
		{D4A228A4-2C3B-4E8C-B7C5-CB3C6C0AF53B}.Release|Mixed Platforms.ActiveCfg = Release|Any CPU
		{D4A228A4-2C3B-4E8C-B7C5-CB3C6C0AF53B}.Release|Mixed Platforms.Build.0 = Release|Any CPU
		{D4A228A4-2C3B-4E8C-B7C5-CB3C6C0AF53B}.Release|Win32.ActiveCfg = Release|Any CPU
		{D4A228A4-2C3B-4E8C-B7C5-CB3C6C0AF53B}.Release|Win32.Build.0 = Release|Any CPU
		{D4A228A4-2C3B-4E8C-B7C5-CB3C6C0AF53B}.Release|x64.ActiveCfg = Release|Any CPU
		{D4A228A4-2C3B-4E8C-B7C5-CB3C6C0AF53B}.Release|x64.Build.0 = Release|Any CPU
		{D4A228A4-2C3B-4E8C-B7C5-CB3C6C0AF53B}.Release|x86.ActiveCfg = Release|Any CPU
		{D4A228A4-2C3B-4E8C-B7C5-CB3C6C0AF53B}.Release|x86.Build.0 = Release|Any CPU
		{7B929D7C-7245-45DB-99D4-58A8853607D0}.Debug|Any CPU.ActiveCfg = Debug|Win32
		{7B929D7C-7245-45DB-99D4-58A8853607D0}.Debug|Mixed Platforms.ActiveCfg = Debug|Win32
		{7B929D7C-7245-45DB-99D4-58A8853607D0}.Debug|Mixed Platforms.Build.0 = Debug|Win32
		{7B929D7C-7245-45DB-99D4-58A8853607D0}.Debug|Win32.ActiveCfg = Debug|Win32
		{7B929D7C-7245-45DB-99D4-58A8853607D0}.Debug|Win32.Build.0 = Debug|Win32
		{7B929D7C-7245-45DB-99D4-58A8853607D0}.Debug|x64.ActiveCfg = Debug|Win32
		{7B929D7C-7245-45DB-99D4-58A8853607D0}.Debug|x86.ActiveCfg = Debug|Win32
		{7B929D7C-7245-45DB-99D4-58A8853607D0}.Debug|x86.Build.0 = Debug|Win32
		{7B929D7C-7245-45DB-99D4-58A8853607D0}.Release|Any CPU.ActiveCfg = Release|Win32
		{7B929D7C-7245-45DB-99D4-58A8853607D0}.Release|Mixed Platforms.ActiveCfg = Release|Win32
		{7B929D7C-7245-45DB-99D4-58A8853607D0}.Release|Mixed Platforms.Build.0 = Release|Win32
		{7B929D7C-7245-45DB-99D4-58A8853607D0}.Release|Win32.ActiveCfg = Release|Win32
		{7B929D7C-7245-45DB-99D4-58A8853607D0}.Release|Win32.Build.0 = Release|Win32
		{7B929D7C-7245-45DB-99D4-58A8853607D0}.Release|x64.ActiveCfg = Release|Win32
		{7B929D7C-7245-45DB-99D4-58A8853607D0}.Release|x86.ActiveCfg = Release|Win32
		{7B929D7C-7245-45DB-99D4-58A8853607D0}.Release|x86.Build.0 = Release|Win32
		{8FC563D9-0901-4AEF-A881-2D30DF3A2FE1}.Debug|Any CPU.ActiveCfg = Debug|Any CPU
		{8FC563D9-0901-4AEF-A881-2D30DF3A2FE1}.Debug|Any CPU.Build.0 = Debug|Any CPU
		{8FC563D9-0901-4AEF-A881-2D30DF3A2FE1}.Debug|Mixed Platforms.ActiveCfg = Debug|Any CPU
		{8FC563D9-0901-4AEF-A881-2D30DF3A2FE1}.Debug|Mixed Platforms.Build.0 = Debug|Any CPU
		{8FC563D9-0901-4AEF-A881-2D30DF3A2FE1}.Debug|Win32.ActiveCfg = Debug|Any CPU
		{8FC563D9-0901-4AEF-A881-2D30DF3A2FE1}.Debug|x64.ActiveCfg = Debug|Any CPU
		{8FC563D9-0901-4AEF-A881-2D30DF3A2FE1}.Debug|x86.ActiveCfg = Debug|Any CPU
		{8FC563D9-0901-4AEF-A881-2D30DF3A2FE1}.Debug|x86.Build.0 = Debug|Any CPU
		{8FC563D9-0901-4AEF-A881-2D30DF3A2FE1}.Release|Any CPU.ActiveCfg = Release|Any CPU
		{8FC563D9-0901-4AEF-A881-2D30DF3A2FE1}.Release|Any CPU.Build.0 = Release|Any CPU
		{8FC563D9-0901-4AEF-A881-2D30DF3A2FE1}.Release|Mixed Platforms.ActiveCfg = Release|Any CPU
		{8FC563D9-0901-4AEF-A881-2D30DF3A2FE1}.Release|Mixed Platforms.Build.0 = Release|Any CPU
		{8FC563D9-0901-4AEF-A881-2D30DF3A2FE1}.Release|Win32.ActiveCfg = Release|Any CPU
		{8FC563D9-0901-4AEF-A881-2D30DF3A2FE1}.Release|x64.ActiveCfg = Release|Any CPU
		{8FC563D9-0901-4AEF-A881-2D30DF3A2FE1}.Release|x86.ActiveCfg = Release|Any CPU
		{8FC563D9-0901-4AEF-A881-2D30DF3A2FE1}.Release|x86.Build.0 = Release|Any CPU
		{F1CD7533-53D6-4251-9077-4955DC1ABBE0}.Debug|Any CPU.ActiveCfg = Debug|Any CPU
		{F1CD7533-53D6-4251-9077-4955DC1ABBE0}.Debug|Any CPU.Build.0 = Debug|Any CPU
		{F1CD7533-53D6-4251-9077-4955DC1ABBE0}.Debug|Mixed Platforms.ActiveCfg = Debug|Any CPU
		{F1CD7533-53D6-4251-9077-4955DC1ABBE0}.Debug|Mixed Platforms.Build.0 = Debug|Any CPU
		{F1CD7533-53D6-4251-9077-4955DC1ABBE0}.Debug|Win32.ActiveCfg = Debug|Any CPU
		{F1CD7533-53D6-4251-9077-4955DC1ABBE0}.Debug|x64.ActiveCfg = Debug|Any CPU
		{F1CD7533-53D6-4251-9077-4955DC1ABBE0}.Debug|x86.ActiveCfg = Debug|Any CPU
		{F1CD7533-53D6-4251-9077-4955DC1ABBE0}.Debug|x86.Build.0 = Debug|Any CPU
		{F1CD7533-53D6-4251-9077-4955DC1ABBE0}.Release|Any CPU.ActiveCfg = Release|Any CPU
		{F1CD7533-53D6-4251-9077-4955DC1ABBE0}.Release|Any CPU.Build.0 = Release|Any CPU
		{F1CD7533-53D6-4251-9077-4955DC1ABBE0}.Release|Mixed Platforms.ActiveCfg = Release|Any CPU
		{F1CD7533-53D6-4251-9077-4955DC1ABBE0}.Release|Mixed Platforms.Build.0 = Release|Any CPU
		{F1CD7533-53D6-4251-9077-4955DC1ABBE0}.Release|Win32.ActiveCfg = Release|Any CPU
		{F1CD7533-53D6-4251-9077-4955DC1ABBE0}.Release|x64.ActiveCfg = Release|Any CPU
		{F1CD7533-53D6-4251-9077-4955DC1ABBE0}.Release|x86.ActiveCfg = Release|Any CPU
		{F1CD7533-53D6-4251-9077-4955DC1ABBE0}.Release|x86.Build.0 = Release|Any CPU
		{F9297E75-A0EB-41A9-B0F1-9F5954FDF2C5}.Debug|Any CPU.ActiveCfg = Debug|Any CPU
		{F9297E75-A0EB-41A9-B0F1-9F5954FDF2C5}.Debug|Any CPU.Build.0 = Debug|Any CPU
		{F9297E75-A0EB-41A9-B0F1-9F5954FDF2C5}.Debug|Mixed Platforms.ActiveCfg = Debug|Any CPU
		{F9297E75-A0EB-41A9-B0F1-9F5954FDF2C5}.Debug|Mixed Platforms.Build.0 = Debug|Any CPU
		{F9297E75-A0EB-41A9-B0F1-9F5954FDF2C5}.Debug|Win32.ActiveCfg = Debug|Any CPU
		{F9297E75-A0EB-41A9-B0F1-9F5954FDF2C5}.Debug|x64.ActiveCfg = Debug|Any CPU
		{F9297E75-A0EB-41A9-B0F1-9F5954FDF2C5}.Debug|x86.ActiveCfg = Debug|Any CPU
		{F9297E75-A0EB-41A9-B0F1-9F5954FDF2C5}.Debug|x86.Build.0 = Debug|Any CPU
		{F9297E75-A0EB-41A9-B0F1-9F5954FDF2C5}.Release|Any CPU.ActiveCfg = Release|Any CPU
		{F9297E75-A0EB-41A9-B0F1-9F5954FDF2C5}.Release|Any CPU.Build.0 = Release|Any CPU
		{F9297E75-A0EB-41A9-B0F1-9F5954FDF2C5}.Release|Mixed Platforms.ActiveCfg = Release|Any CPU
		{F9297E75-A0EB-41A9-B0F1-9F5954FDF2C5}.Release|Mixed Platforms.Build.0 = Release|Any CPU
		{F9297E75-A0EB-41A9-B0F1-9F5954FDF2C5}.Release|Win32.ActiveCfg = Release|Any CPU
		{F9297E75-A0EB-41A9-B0F1-9F5954FDF2C5}.Release|x64.ActiveCfg = Release|Any CPU
		{F9297E75-A0EB-41A9-B0F1-9F5954FDF2C5}.Release|x86.ActiveCfg = Release|Any CPU
		{F9297E75-A0EB-41A9-B0F1-9F5954FDF2C5}.Release|x86.Build.0 = Release|Any CPU
		{0248C6E5-6BAF-494A-BD1A-6BC63C37B73B}.Debug|Any CPU.ActiveCfg = Debug|x64
		{0248C6E5-6BAF-494A-BD1A-6BC63C37B73B}.Debug|Mixed Platforms.ActiveCfg = Debug|x64
		{0248C6E5-6BAF-494A-BD1A-6BC63C37B73B}.Debug|Mixed Platforms.Build.0 = Debug|x64
		{0248C6E5-6BAF-494A-BD1A-6BC63C37B73B}.Debug|Win32.ActiveCfg = Debug|x64
		{0248C6E5-6BAF-494A-BD1A-6BC63C37B73B}.Debug|x64.ActiveCfg = Debug|x64
		{0248C6E5-6BAF-494A-BD1A-6BC63C37B73B}.Debug|x64.Build.0 = Debug|x64
		{0248C6E5-6BAF-494A-BD1A-6BC63C37B73B}.Debug|x86.ActiveCfg = Debug|x64
		{0248C6E5-6BAF-494A-BD1A-6BC63C37B73B}.Release|Any CPU.ActiveCfg = Release|x64
		{0248C6E5-6BAF-494A-BD1A-6BC63C37B73B}.Release|Mixed Platforms.ActiveCfg = Release|x64
		{0248C6E5-6BAF-494A-BD1A-6BC63C37B73B}.Release|Mixed Platforms.Build.0 = Release|x64
		{0248C6E5-6BAF-494A-BD1A-6BC63C37B73B}.Release|Win32.ActiveCfg = Release|x64
		{0248C6E5-6BAF-494A-BD1A-6BC63C37B73B}.Release|x64.ActiveCfg = Release|x64
		{0248C6E5-6BAF-494A-BD1A-6BC63C37B73B}.Release|x64.Build.0 = Release|x64
		{0248C6E5-6BAF-494A-BD1A-6BC63C37B73B}.Release|x86.ActiveCfg = Release|x64
		{43854612-B849-492C-96E3-4051F810852A}.Debug|Any CPU.ActiveCfg = Debug|Any CPU
		{43854612-B849-492C-96E3-4051F810852A}.Debug|Any CPU.Build.0 = Debug|Any CPU
		{43854612-B849-492C-96E3-4051F810852A}.Debug|Mixed Platforms.ActiveCfg = Debug|Any CPU
		{43854612-B849-492C-96E3-4051F810852A}.Debug|Mixed Platforms.Build.0 = Debug|Any CPU
		{43854612-B849-492C-96E3-4051F810852A}.Debug|Win32.ActiveCfg = Debug|Any CPU
		{43854612-B849-492C-96E3-4051F810852A}.Debug|x64.ActiveCfg = Debug|Any CPU
		{43854612-B849-492C-96E3-4051F810852A}.Debug|x86.ActiveCfg = Debug|Any CPU
		{43854612-B849-492C-96E3-4051F810852A}.Release|Any CPU.ActiveCfg = Release|Any CPU
		{43854612-B849-492C-96E3-4051F810852A}.Release|Any CPU.Build.0 = Release|Any CPU
		{43854612-B849-492C-96E3-4051F810852A}.Release|Mixed Platforms.ActiveCfg = Release|Any CPU
		{43854612-B849-492C-96E3-4051F810852A}.Release|Mixed Platforms.Build.0 = Release|Any CPU
		{43854612-B849-492C-96E3-4051F810852A}.Release|Win32.ActiveCfg = Release|Any CPU
		{43854612-B849-492C-96E3-4051F810852A}.Release|x64.ActiveCfg = Release|Any CPU
		{43854612-B849-492C-96E3-4051F810852A}.Release|x86.ActiveCfg = Release|Any CPU
		{E0BBE455-6C06-48AC-8475-214D00D4DF72}.Debug|Any CPU.ActiveCfg = Debug|Any CPU
		{E0BBE455-6C06-48AC-8475-214D00D4DF72}.Debug|Any CPU.Build.0 = Debug|Any CPU
		{E0BBE455-6C06-48AC-8475-214D00D4DF72}.Debug|Mixed Platforms.ActiveCfg = Debug|Any CPU
		{E0BBE455-6C06-48AC-8475-214D00D4DF72}.Debug|Mixed Platforms.Build.0 = Debug|Any CPU
		{E0BBE455-6C06-48AC-8475-214D00D4DF72}.Debug|Win32.ActiveCfg = Debug|Any CPU
		{E0BBE455-6C06-48AC-8475-214D00D4DF72}.Debug|x64.ActiveCfg = Debug|Any CPU
		{E0BBE455-6C06-48AC-8475-214D00D4DF72}.Debug|x86.ActiveCfg = Debug|Any CPU
		{E0BBE455-6C06-48AC-8475-214D00D4DF72}.Release|Any CPU.ActiveCfg = Release|Any CPU
		{E0BBE455-6C06-48AC-8475-214D00D4DF72}.Release|Any CPU.Build.0 = Release|Any CPU
		{E0BBE455-6C06-48AC-8475-214D00D4DF72}.Release|Mixed Platforms.ActiveCfg = Release|Any CPU
		{E0BBE455-6C06-48AC-8475-214D00D4DF72}.Release|Mixed Platforms.Build.0 = Release|Any CPU
		{E0BBE455-6C06-48AC-8475-214D00D4DF72}.Release|Win32.ActiveCfg = Release|Any CPU
		{E0BBE455-6C06-48AC-8475-214D00D4DF72}.Release|x64.ActiveCfg = Release|Any CPU
		{E0BBE455-6C06-48AC-8475-214D00D4DF72}.Release|x86.ActiveCfg = Release|Any CPU
		{053169A4-5088-4DCD-AE45-A482E56D345A}.Debug|Any CPU.ActiveCfg = Debug|Any CPU
		{053169A4-5088-4DCD-AE45-A482E56D345A}.Debug|Any CPU.Build.0 = Debug|Any CPU
		{053169A4-5088-4DCD-AE45-A482E56D345A}.Debug|Mixed Platforms.ActiveCfg = Debug|Any CPU
		{053169A4-5088-4DCD-AE45-A482E56D345A}.Debug|Mixed Platforms.Build.0 = Debug|Any CPU
		{053169A4-5088-4DCD-AE45-A482E56D345A}.Debug|Win32.ActiveCfg = Debug|Any CPU
		{053169A4-5088-4DCD-AE45-A482E56D345A}.Debug|x64.ActiveCfg = Debug|Any CPU
		{053169A4-5088-4DCD-AE45-A482E56D345A}.Debug|x86.ActiveCfg = Debug|Any CPU
		{053169A4-5088-4DCD-AE45-A482E56D345A}.Release|Any CPU.ActiveCfg = Release|Any CPU
		{053169A4-5088-4DCD-AE45-A482E56D345A}.Release|Any CPU.Build.0 = Release|Any CPU
		{053169A4-5088-4DCD-AE45-A482E56D345A}.Release|Mixed Platforms.ActiveCfg = Release|Any CPU
		{053169A4-5088-4DCD-AE45-A482E56D345A}.Release|Mixed Platforms.Build.0 = Release|Any CPU
		{053169A4-5088-4DCD-AE45-A482E56D345A}.Release|Win32.ActiveCfg = Release|Any CPU
		{053169A4-5088-4DCD-AE45-A482E56D345A}.Release|x64.ActiveCfg = Release|Any CPU
		{053169A4-5088-4DCD-AE45-A482E56D345A}.Release|x86.ActiveCfg = Release|Any CPU
		{EFD51FB6-5211-4334-83C6-5AA51F00DA26}.Debug|Any CPU.ActiveCfg = Debug|Any CPU
		{EFD51FB6-5211-4334-83C6-5AA51F00DA26}.Debug|Any CPU.Build.0 = Debug|Any CPU
		{EFD51FB6-5211-4334-83C6-5AA51F00DA26}.Debug|Mixed Platforms.ActiveCfg = Debug|Any CPU
		{EFD51FB6-5211-4334-83C6-5AA51F00DA26}.Debug|Mixed Platforms.Build.0 = Debug|Any CPU
		{EFD51FB6-5211-4334-83C6-5AA51F00DA26}.Debug|Win32.ActiveCfg = Debug|Any CPU
		{EFD51FB6-5211-4334-83C6-5AA51F00DA26}.Debug|x64.ActiveCfg = Debug|Any CPU
		{EFD51FB6-5211-4334-83C6-5AA51F00DA26}.Debug|x86.ActiveCfg = Debug|Any CPU
		{EFD51FB6-5211-4334-83C6-5AA51F00DA26}.Release|Any CPU.ActiveCfg = Release|Any CPU
		{EFD51FB6-5211-4334-83C6-5AA51F00DA26}.Release|Any CPU.Build.0 = Release|Any CPU
		{EFD51FB6-5211-4334-83C6-5AA51F00DA26}.Release|Mixed Platforms.ActiveCfg = Release|Any CPU
		{EFD51FB6-5211-4334-83C6-5AA51F00DA26}.Release|Mixed Platforms.Build.0 = Release|Any CPU
		{EFD51FB6-5211-4334-83C6-5AA51F00DA26}.Release|Win32.ActiveCfg = Release|Any CPU
		{EFD51FB6-5211-4334-83C6-5AA51F00DA26}.Release|x64.ActiveCfg = Release|Any CPU
		{EFD51FB6-5211-4334-83C6-5AA51F00DA26}.Release|x86.ActiveCfg = Release|Any CPU
		{53D86CA3-E2B8-4B6A-8115-34BF8AB93888}.Debug|Any CPU.ActiveCfg = Debug|Any CPU
		{53D86CA3-E2B8-4B6A-8115-34BF8AB93888}.Debug|Any CPU.Build.0 = Debug|Any CPU
		{53D86CA3-E2B8-4B6A-8115-34BF8AB93888}.Debug|Mixed Platforms.ActiveCfg = Debug|Any CPU
		{53D86CA3-E2B8-4B6A-8115-34BF8AB93888}.Debug|Mixed Platforms.Build.0 = Debug|Any CPU
		{53D86CA3-E2B8-4B6A-8115-34BF8AB93888}.Debug|Win32.ActiveCfg = Debug|Any CPU
		{53D86CA3-E2B8-4B6A-8115-34BF8AB93888}.Debug|x64.ActiveCfg = Debug|Any CPU
		{53D86CA3-E2B8-4B6A-8115-34BF8AB93888}.Debug|x86.ActiveCfg = Debug|Any CPU
		{53D86CA3-E2B8-4B6A-8115-34BF8AB93888}.Release|Any CPU.ActiveCfg = Release|Any CPU
		{53D86CA3-E2B8-4B6A-8115-34BF8AB93888}.Release|Any CPU.Build.0 = Release|Any CPU
		{53D86CA3-E2B8-4B6A-8115-34BF8AB93888}.Release|Mixed Platforms.ActiveCfg = Release|Any CPU
		{53D86CA3-E2B8-4B6A-8115-34BF8AB93888}.Release|Mixed Platforms.Build.0 = Release|Any CPU
		{53D86CA3-E2B8-4B6A-8115-34BF8AB93888}.Release|Win32.ActiveCfg = Release|Any CPU
		{53D86CA3-E2B8-4B6A-8115-34BF8AB93888}.Release|x64.ActiveCfg = Release|Any CPU
		{53D86CA3-E2B8-4B6A-8115-34BF8AB93888}.Release|x86.ActiveCfg = Release|Any CPU
		{CDD86083-1E23-41BD-864B-AAD25031F532}.Debug|Any CPU.ActiveCfg = Debug|Any CPU
		{CDD86083-1E23-41BD-864B-AAD25031F532}.Debug|Any CPU.Build.0 = Debug|Any CPU
		{CDD86083-1E23-41BD-864B-AAD25031F532}.Debug|Mixed Platforms.ActiveCfg = Debug|Any CPU
		{CDD86083-1E23-41BD-864B-AAD25031F532}.Debug|Mixed Platforms.Build.0 = Debug|Any CPU
		{CDD86083-1E23-41BD-864B-AAD25031F532}.Debug|Win32.ActiveCfg = Debug|Any CPU
		{CDD86083-1E23-41BD-864B-AAD25031F532}.Debug|Win32.Build.0 = Debug|Any CPU
		{CDD86083-1E23-41BD-864B-AAD25031F532}.Debug|x64.ActiveCfg = Debug|Any CPU
		{CDD86083-1E23-41BD-864B-AAD25031F532}.Debug|x64.Build.0 = Debug|Any CPU
		{CDD86083-1E23-41BD-864B-AAD25031F532}.Debug|x86.ActiveCfg = Debug|Any CPU
		{CDD86083-1E23-41BD-864B-AAD25031F532}.Debug|x86.Build.0 = Debug|Any CPU
		{CDD86083-1E23-41BD-864B-AAD25031F532}.Release|Any CPU.ActiveCfg = Release|Any CPU
		{CDD86083-1E23-41BD-864B-AAD25031F532}.Release|Any CPU.Build.0 = Release|Any CPU
		{CDD86083-1E23-41BD-864B-AAD25031F532}.Release|Mixed Platforms.ActiveCfg = Release|Any CPU
		{CDD86083-1E23-41BD-864B-AAD25031F532}.Release|Mixed Platforms.Build.0 = Release|Any CPU
		{CDD86083-1E23-41BD-864B-AAD25031F532}.Release|Win32.ActiveCfg = Release|Any CPU
		{CDD86083-1E23-41BD-864B-AAD25031F532}.Release|Win32.Build.0 = Release|Any CPU
		{CDD86083-1E23-41BD-864B-AAD25031F532}.Release|x64.ActiveCfg = Release|Any CPU
		{CDD86083-1E23-41BD-864B-AAD25031F532}.Release|x64.Build.0 = Release|Any CPU
		{CDD86083-1E23-41BD-864B-AAD25031F532}.Release|x86.ActiveCfg = Release|Any CPU
		{CDD86083-1E23-41BD-864B-AAD25031F532}.Release|x86.Build.0 = Release|Any CPU
		{AE26D6AD-E912-44A5-AC92-BC5500B8A64B}.Debug|Any CPU.ActiveCfg = Debug|Any CPU
		{AE26D6AD-E912-44A5-AC92-BC5500B8A64B}.Debug|Any CPU.Build.0 = Debug|Any CPU
		{AE26D6AD-E912-44A5-AC92-BC5500B8A64B}.Debug|Mixed Platforms.ActiveCfg = Debug|Any CPU
		{AE26D6AD-E912-44A5-AC92-BC5500B8A64B}.Debug|Mixed Platforms.Build.0 = Debug|Any CPU
		{AE26D6AD-E912-44A5-AC92-BC5500B8A64B}.Debug|Win32.ActiveCfg = Debug|Any CPU
		{AE26D6AD-E912-44A5-AC92-BC5500B8A64B}.Debug|Win32.Build.0 = Debug|Any CPU
		{AE26D6AD-E912-44A5-AC92-BC5500B8A64B}.Debug|x64.ActiveCfg = Debug|Any CPU
		{AE26D6AD-E912-44A5-AC92-BC5500B8A64B}.Debug|x64.Build.0 = Debug|Any CPU
		{AE26D6AD-E912-44A5-AC92-BC5500B8A64B}.Debug|x86.ActiveCfg = Debug|Any CPU
		{AE26D6AD-E912-44A5-AC92-BC5500B8A64B}.Debug|x86.Build.0 = Debug|Any CPU
		{AE26D6AD-E912-44A5-AC92-BC5500B8A64B}.Release|Any CPU.ActiveCfg = Release|Any CPU
		{AE26D6AD-E912-44A5-AC92-BC5500B8A64B}.Release|Any CPU.Build.0 = Release|Any CPU
		{AE26D6AD-E912-44A5-AC92-BC5500B8A64B}.Release|Mixed Platforms.ActiveCfg = Release|Any CPU
		{AE26D6AD-E912-44A5-AC92-BC5500B8A64B}.Release|Mixed Platforms.Build.0 = Release|Any CPU
		{AE26D6AD-E912-44A5-AC92-BC5500B8A64B}.Release|Win32.ActiveCfg = Release|Any CPU
		{AE26D6AD-E912-44A5-AC92-BC5500B8A64B}.Release|Win32.Build.0 = Release|Any CPU
		{AE26D6AD-E912-44A5-AC92-BC5500B8A64B}.Release|x64.ActiveCfg = Release|Any CPU
		{AE26D6AD-E912-44A5-AC92-BC5500B8A64B}.Release|x64.Build.0 = Release|Any CPU
		{AE26D6AD-E912-44A5-AC92-BC5500B8A64B}.Release|x86.ActiveCfg = Release|Any CPU
		{AE26D6AD-E912-44A5-AC92-BC5500B8A64B}.Release|x86.Build.0 = Release|Any CPU
	EndGlobalSection
	GlobalSection(SolutionProperties) = preSolution
		HideSolutionNode = FALSE
	EndGlobalSection
EndGlobal
